
Microsoft Visual Studio Solution File, Format Version 12.00
# Visual Studio 15
VisualStudioVersion = 15.0.27130.2027
MinimumVisualStudioVersion = 10.0.40219.1
Project("{9A19103F-16F7-4668-BE54-9A1E7A4F7556}") = "Fenergo.HealthChecker", "Fenergo.HealthChecker\Fenergo.HealthChecker.csproj", "{44A02459-DE52-4A63-A834-20841D6C2E15}"
EndProject
Project("{FAE04EC0-301F-11D3-BF4B-00C04F79EFBC}") = "Fenergo.HealthChecker.Business", "Fenergo.HealthChecker.Business\Fenergo.HealthChecker.Business.csproj", "{E03B54D3-3F1B-4944-8D9F-CD135250921D}"
EndProject
Project("{FAE04EC0-301F-11D3-BF4B-00C04F79EFBC}") = "Fenergo.HealthChecker.WebApi", "Fenergo.HealthChecker.WebApi\Fenergo.HealthChecker.WebApi.csproj", "{631F88D3-2610-40F7-AB28-19112A5C88E6}"
EndProject
Global
	GlobalSection(SolutionConfigurationPlatforms) = preSolution
		Debug|Any CPU = Debug|Any CPU
		Release|Any CPU = Release|Any CPU
	EndGlobalSection
	GlobalSection(ProjectConfigurationPlatforms) = postSolution
		{44A02459-DE52-4A63-A834-20841D6C2E15}.Debug|Any CPU.ActiveCfg = Debug|Any CPU
		{44A02459-DE52-4A63-A834-20841D6C2E15}.Debug|Any CPU.Build.0 = Debug|Any CPU
		{44A02459-DE52-4A63-A834-20841D6C2E15}.Release|Any CPU.ActiveCfg = Release|Any CPU
		{44A02459-DE52-4A63-A834-20841D6C2E15}.Release|Any CPU.Build.0 = Release|Any CPU
		{E03B54D3-3F1B-4944-8D9F-CD135250921D}.Debug|Any CPU.ActiveCfg = Debug|Any CPU
		{E03B54D3-3F1B-4944-8D9F-CD135250921D}.Debug|Any CPU.Build.0 = Debug|Any CPU
		{E03B54D3-3F1B-4944-8D9F-CD135250921D}.Release|Any CPU.ActiveCfg = Release|Any CPU
		{E03B54D3-3F1B-4944-8D9F-CD135250921D}.Release|Any CPU.Build.0 = Release|Any CPU
		{631F88D3-2610-40F7-AB28-19112A5C88E6}.Debug|Any CPU.ActiveCfg = Debug|Any CPU
		{631F88D3-2610-40F7-AB28-19112A5C88E6}.Debug|Any CPU.Build.0 = Debug|Any CPU
		{631F88D3-2610-40F7-AB28-19112A5C88E6}.Release|Any CPU.ActiveCfg = Release|Any CPU
		{631F88D3-2610-40F7-AB28-19112A5C88E6}.Release|Any CPU.Build.0 = Release|Any CPU
	EndGlobalSection
	GlobalSection(SolutionProperties) = preSolution
		HideSolutionNode = FALSE
	EndGlobalSection
	GlobalSection(ExtensibilityGlobals) = postSolution
		SolutionGuid = {CE71F921-CED8-413E-9CF0-7C77173777A1}
	EndGlobalSection
EndGlobal
